
Microsoft Visual Studio Solution File, Format Version 12.00
# Visual Studio Version 17
VisualStudioVersion = 17.3.32901.215
MinimumVisualStudioVersion = 10.0.40219.1
Project("{FAE04EC0-301F-11D3-BF4B-00C04F79EFBC}") = "ChainOfResponsobolity", "ChainOfResponsobolity\ChainOfResponsobolity.csproj", "{F5F3972D-461D-4EF5-A618-BD3B0D0A7656}"
EndProject
Global
	GlobalSection(SolutionConfigurationPlatforms) = preSolution
		Debug|Any CPU = Debug|Any CPU
		Release|Any CPU = Release|Any CPU
	EndGlobalSection
	GlobalSection(ProjectConfigurationPlatforms) = postSolution
		{F5F3972D-461D-4EF5-A618-BD3B0D0A7656}.Debug|Any CPU.ActiveCfg = Debug|Any CPU
		{F5F3972D-461D-4EF5-A618-BD3B0D0A7656}.Debug|Any CPU.Build.0 = Debug|Any CPU
		{F5F3972D-461D-4EF5-A618-BD3B0D0A7656}.Release|Any CPU.ActiveCfg = Release|Any CPU
		{F5F3972D-461D-4EF5-A618-BD3B0D0A7656}.Release|Any CPU.Build.0 = Release|Any CPU
	EndGlobalSection
	GlobalSection(SolutionProperties) = preSolution
		HideSolutionNode = FALSE
	EndGlobalSection
	GlobalSection(ExtensibilityGlobals) = postSolution
		SolutionGuid = {7EE9193F-7B84-4B1E-9097-C5EC7C04EFAF}
	EndGlobalSection
EndGlobal
